// !$*UTF8*$!
{
	archiveVersion = 1;
	classes = {
	};
	objectVersion = 46;
	objects = {

/* Begin PBXBuildFile section */
		DE6BB2D11DAC824700D218E9 /*  UVa210 Concurrency Simulator.cpp in Sources */ = {isa = PBXBuildFile; fileRef = DE6BB2D01DAC824700D218E9 /*  UVa210 Concurrency Simulator.cpp */; };
		DE6BB2D81DAC8E8F00D218E9 /* UVa514 Rails.cpp in Sources */ = {isa = PBXBuildFile; fileRef = DE6BB2D71DAC8E8F00D218E9 /* UVa514 Rails.cpp */; };
		DE6BB2DA1DAC8FED00D218E9 /* Uva 442 Matrix Chain Multiplication.cpp in Sources */ = {isa = PBXBuildFile; fileRef = DE6BB2D91DAC8FED00D218E9 /* Uva 442 Matrix Chain Multiplication.cpp */; };
		DE6BB2DC1DAC920A00D218E9 /* UVa11988 Broken Keyboard.cpp in Sources */ = {isa = PBXBuildFile; fileRef = DE6BB2DB1DAC920A00D218E9 /* UVa11988 Broken Keyboard.cpp */; };
		DE939E231DAD2AE2003EF36C /* Uva816 Abbott's revenge.cpp in Sources */ = {isa = PBXBuildFile; fileRef = DE939E221DAD2AE2003EF36C /* Uva816 Abbott's revenge.cpp */; };
/* End PBXBuildFile section */

/* Begin PBXCopyFilesBuildPhase section */
		DE6BB2CB1DAC824700D218E9 /* CopyFiles */ = {
			isa = PBXCopyFilesBuildPhase;
			buildActionMask = 2147483647;
			dstPath = /usr/share/man/man1/;
			dstSubfolderSpec = 0;
			files = (
			);
			runOnlyForDeploymentPostprocessing = 1;
		};
/* End PBXCopyFilesBuildPhase section */

/* Begin PBXFileReference section */
		DE6BB2CD1DAC824700D218E9 /* Data Structure Basis */ = {isa = PBXFileReference; explicitFileType = "compiled.mach-o.executable"; includeInIndex = 0; path = "Data Structure Basis"; sourceTree = BUILT_PRODUCTS_DIR; };
		DE6BB2D01DAC824700D218E9 /*  UVa210 Concurrency Simulator.cpp */ = {isa = PBXFileReference; lastKnownFileType = sourcecode.cpp.cpp; path = " UVa210 Concurrency Simulator.cpp"; sourceTree = "<group>"; };
		DE6BB2D71DAC8E8F00D218E9 /* UVa514 Rails.cpp */ = {isa = PBXFileReference; fileEncoding = 4; lastKnownFileType = sourcecode.cpp.cpp; path = "UVa514 Rails.cpp"; sourceTree = "<group>"; };
		DE6BB2D91DAC8FED00D218E9 /* Uva 442 Matrix Chain Multiplication.cpp */ = {isa = PBXFileReference; fileEncoding = 4; lastKnownFileType = sourcecode.cpp.cpp; path = "Uva 442 Matrix Chain Multiplication.cpp"; sourceTree = "<group>"; };
		DE6BB2DB1DAC920A00D218E9 /* UVa11988 Broken Keyboard.cpp */ = {isa = PBXFileReference; fileEncoding = 4; lastKnownFileType = sourcecode.cpp.cpp; path = "UVa11988 Broken Keyboard.cpp"; sourceTree = "<group>"; };
		DE939E201DAD14A4003EF36C /* in */ = {isa = PBXFileReference; fileEncoding = 4; lastKnownFileType = text; path = in; sourceTree = "<group>"; };
		DE939E211DAD14AC003EF36C /* out */ = {isa = PBXFileReference; fileEncoding = 4; lastKnownFileType = text; path = out; sourceTree = "<group>"; };
		DE939E221DAD2AE2003EF36C /* Uva816 Abbott's revenge.cpp */ = {isa = PBXFileReference; fileEncoding = 4; lastKnownFileType = sourcecode.cpp.cpp; path = "Uva816 Abbott's revenge.cpp"; sourceTree = "<group>"; };
/* End PBXFileReference section */

/* Begin PBXFrameworksBuildPhase section */
		DE6BB2CA1DAC824700D218E9 /* Frameworks */ = {
			isa = PBXFrameworksBuildPhase;
			buildActionMask = 2147483647;
			files = (
			);
			runOnlyForDeploymentPostprocessing = 0;
		};
/* End PBXFrameworksBuildPhase section */

/* Begin PBXGroup section */
		DE6BB2C41DAC824700D218E9 = {
			isa = PBXGroup;
			children = (
				DE6BB2CF1DAC824700D218E9 /* Data Structure Basis */,
				DE6BB2CE1DAC824700D218E9 /* Products */,
			);
			sourceTree = "<group>";
		};
		DE6BB2CE1DAC824700D218E9 /* Products */ = {
			isa = PBXGroup;
			children = (
				DE6BB2CD1DAC824700D218E9 /* Data Structure Basis */,
			);
			name = Products;
			sourceTree = "<group>";
		};
		DE6BB2CF1DAC824700D218E9 /* Data Structure Basis */ = {
			isa = PBXGroup;
			children = (
				DE6BB2D01DAC824700D218E9 /*  UVa210 Concurrency Simulator.cpp */,
				DE6BB2D71DAC8E8F00D218E9 /* UVa514 Rails.cpp */,
				DE6BB2D91DAC8FED00D218E9 /* Uva 442 Matrix Chain Multiplication.cpp */,
				DE6BB2DB1DAC920A00D218E9 /* UVa11988 Broken Keyboard.cpp */,
				DE939E201DAD14A4003EF36C /* in */,
				DE939E211DAD14AC003EF36C /* out */,
				DE939E221DAD2AE2003EF36C /* Uva816 Abbott's revenge.cpp */,
			);
			path = "Data Structure Basis";
			sourceTree = "<group>";
		};
/* End PBXGroup section */

/* Begin PBXNativeTarget section */
		DE6BB2CC1DAC824700D218E9 /* Data Structure Basis */ = {
			isa = PBXNativeTarget;
			buildConfigurationList = DE6BB2D41DAC824700D218E9 /* Build configuration list for PBXNativeTarget "Data Structure Basis" */;
			buildPhases = (
				DE6BB2C91DAC824700D218E9 /* Sources */,
				DE6BB2CA1DAC824700D218E9 /* Frameworks */,
				DE6BB2CB1DAC824700D218E9 /* CopyFiles */,
			);
			buildRules = (
			);
			dependencies = (
			);
			name = "Data Structure Basis";
			productName = "Data Structure Basis";
			productReference = DE6BB2CD1DAC824700D218E9 /* Data Structure Basis */;
			productType = "com.apple.product-type.tool";
		};
/* End PBXNativeTarget section */

/* Begin PBXProject section */
		DE6BB2C51DAC824700D218E9 /* Project object */ = {
			isa = PBXProject;
			attributes = {
				LastUpgradeCheck = 0720;
				ORGANIZATIONNAME = YuXiao;
				TargetAttributes = {
					DE6BB2CC1DAC824700D218E9 = {
						CreatedOnToolsVersion = 7.2.1;
					};
				};
			};
			buildConfigurationList = DE6BB2C81DAC824700D218E9 /* Build configuration list for PBXProject "Data Structure Basis" */;
			compatibilityVersion = "Xcode 3.2";
			developmentRegion = English;
			hasScannedForEncodings = 0;
			knownRegions = (
				en,
			);
			mainGroup = DE6BB2C41DAC824700D218E9;
			productRefGroup = DE6BB2CE1DAC824700D218E9 /* Products */;
			projectDirPath = "";
			projectRoot = "";
			targets = (
				DE6BB2CC1DAC824700D218E9 /* Data Structure Basis */,
			);
		};
/* End PBXProject section */

/* Begin PBXSourcesBuildPhase section */
		DE6BB2C91DAC824700D218E9 /* Sources */ = {
			isa = PBXSourcesBuildPhase;
			buildActionMask = 2147483647;
			files = (
				DE6BB2D81DAC8E8F00D218E9 /* UVa514 Rails.cpp in Sources */,
				DE6BB2DA1DAC8FED00D218E9 /* Uva 442 Matrix Chain Multiplication.cpp in Sources */,
				DE939E231DAD2AE2003EF36C /* Uva816 Abbott's revenge.cpp in Sources */,
				DE6BB2DC1DAC920A00D218E9 /* UVa11988 Broken Keyboard.cpp in Sources */,
				DE6BB2D11DAC824700D218E9 /*  UVa210 Concurrency Simulator.cpp in Sources */,
			);
			runOnlyForDeploymentPostprocessing = 0;
		};
/* End PBXSourcesBuildPhase section */

/* Begin XCBuildConfiguration section */
		DE6BB2D21DAC824700D218E9 /* Debug */ = {
			isa = XCBuildConfiguration;
			buildSettings = {
				ALWAYS_SEARCH_USER_PATHS = NO;
				CLANG_CXX_LANGUAGE_STANDARD = "gnu++0x";
				CLANG_CXX_LIBRARY = "libc++";
				CLANG_ENABLE_MODULES = YES;
				CLANG_ENABLE_OBJC_ARC = YES;
				CLANG_WARN_BOOL_CONVERSION = YES;
				CLANG_WARN_CONSTANT_CONVERSION = YES;
				CLANG_WARN_DIRECT_OBJC_ISA_USAGE = YES_ERROR;
				CLANG_WARN_EMPTY_BODY = YES;
				CLANG_WARN_ENUM_CONVERSION = YES;
				CLANG_WARN_INT_CONVERSION = YES;
				CLANG_WARN_OBJC_ROOT_CLASS = YES_ERROR;
				CLANG_WARN_UNREACHABLE_CODE = YES;
				CLANG_WARN__DUPLICATE_METHOD_MATCH = YES;
				CODE_SIGN_IDENTITY = "-";
				COPY_PHASE_STRIP = NO;
				DEBUG_INFORMATION_FORMAT = dwarf;
				ENABLE_STRICT_OBJC_MSGSEND = YES;
				ENABLE_TESTABILITY = YES;
				GCC_C_LANGUAGE_STANDARD = gnu99;
				GCC_DYNAMIC_NO_PIC = NO;
				GCC_NO_COMMON_BLOCKS = YES;
				GCC_OPTIMIZATION_LEVEL = 0;
				GCC_PREPROCESSOR_DEFINITIONS = (
					"DEBUG=1",
					"$(inherited)",
				);
				GCC_WARN_64_TO_32_BIT_CONVERSION = YES;
				GCC_WARN_ABOUT_RETURN_TYPE = YES_ERROR;
				GCC_WARN_UNDECLARED_SELECTOR = YES;
				GCC_WARN_UNINITIALIZED_AUTOS = YES_AGGRESSIVE;
				GCC_WARN_UNUSED_FUNCTION = YES;
				GCC_WARN_UNUSED_VARIABLE = YES;
				MACOSX_DEPLOYMENT_TARGET = 10.10;
				MTL_ENABLE_DEBUG_INFO = YES;
				ONLY_ACTIVE_ARCH = YES;
				SDKROOT = macosx;
			};
			name = Debug;
		};
		DE6BB2D31DAC824700D218E9 /* Release */ = {
			isa = XCBuildConfiguration;
			buildSettings = {
				ALWAYS_SEARCH_USER_PATHS = NO;
				CLANG_CXX_LANGUAGE_STANDARD = "gnu++0x";
				CLANG_CXX_LIBRARY = "libc++";
				CLANG_ENABLE_MODULES = YES;
				CLANG_ENABLE_OBJC_ARC = YES;
				CLANG_WARN_BOOL_CONVERSION = YES;
				CLANG_WARN_CONSTANT_CONVERSION = YES;
				CLANG_WARN_DIRECT_OBJC_ISA_USAGE = YES_ERROR;
				CLANG_WARN_EMPTY_BODY = YES;
				CLANG_WARN_ENUM_CONVERSION = YES;
				CLANG_WARN_INT_CONVERSION = YES;
				CLANG_WARN_OBJC_ROOT_CLASS = YES_ERROR;
				CLANG_WARN_UNREACHABLE_CODE = YES;
				CLANG_WARN__DUPLICATE_METHOD_MATCH = YES;
				CODE_SIGN_IDENTITY = "-";
				COPY_PHASE_STRIP = NO;
				DEBUG_INFORMATION_FORMAT = "dwarf-with-dsym";
				ENABLE_NS_ASSERTIONS = NO;
				ENABLE_STRICT_OBJC_MSGSEND = YES;
				GCC_C_LANGUAGE_STANDARD = gnu99;
				GCC_NO_COMMON_BLOCKS = YES;
				GCC_WARN_64_TO_32_BIT_CONVERSION = YES;
				GCC_WARN_ABOUT_RETURN_TYPE = YES_ERROR;
				GCC_WARN_UNDECLARED_SELECTOR = YES;
				GCC_WARN_UNINITIALIZED_AUTOS = YES_AGGRESSIVE;
				GCC_WARN_UNUSED_FUNCTION = YES;
				GCC_WARN_UNUSED_VARIABLE = YES;
				MACOSX_DEPLOYMENT_TARGET = 10.10;
				MTL_ENABLE_DEBUG_INFO = NO;
				SDKROOT = macosx;
			};
			name = Release;
		};
		DE6BB2D51DAC824700D218E9 /* Debug */ = {
			isa = XCBuildConfiguration;
			buildSettings = {
				PRODUCT_NAME = "$(TARGET_NAME)";
			};
			name = Debug;
		};
		DE6BB2D61DAC824700D218E9 /* Release */ = {
			isa = XCBuildConfiguration;
			buildSettings = {
				PRODUCT_NAME = "$(TARGET_NAME)";
			};
			name = Release;
		};
/* End XCBuildConfiguration section */

/* Begin XCConfigurationList section */
		DE6BB2C81DAC824700D218E9 /* Build configuration list for PBXProject "Data Structure Basis" */ = {
			isa = XCConfigurationList;
			buildConfigurations = (
				DE6BB2D21DAC824700D218E9 /* Debug */,
				DE6BB2D31DAC824700D218E9 /* Release */,
			);
			defaultConfigurationIsVisible = 0;
			defaultConfigurationName = Release;
		};
		DE6BB2D41DAC824700D218E9 /* Build configuration list for PBXNativeTarget "Data Structure Basis" */ = {
			isa = XCConfigurationList;
			buildConfigurations = (
				DE6BB2D51DAC824700D218E9 /* Debug */,
				DE6BB2D61DAC824700D218E9 /* Release */,
			);
			defaultConfigurationIsVisible = 0;
			defaultConfigurationName = Release;
		};
/* End XCConfigurationList section */
	};
	rootObject = DE6BB2C51DAC824700D218E9 /* Project object */;
}
